
Microsoft Visual Studio Solution File, Format Version 12.00
# Visual Studio Version 17
VisualStudioVersion = 17.14.36603.0 d17.14
MinimumVisualStudioVersion = 10.0.40219.1
Project("{8BC9CEB8-8B4A-11D0-8D11-00A0C91BC942}") = "test_11.16", "test_11.16\test_11.16.vcxproj", "{DF670B0E-9D9F-4130-807A-6F9253E60676}"
EndProject
Global
	GlobalSection(SolutionConfigurationPlatforms) = preSolution
		Debug|x64 = Debug|x64
		Debug|x86 = Debug|x86
		Release|x64 = Release|x64
		Release|x86 = Release|x86
	EndGlobalSection
	GlobalSection(ProjectConfigurationPlatforms) = postSolution
		{DF670B0E-9D9F-4130-807A-6F9253E60676}.Debug|x64.ActiveCfg = Debug|x64
		{DF670B0E-9D9F-4130-807A-6F9253E60676}.Debug|x64.Build.0 = Debug|x64
		{DF670B0E-9D9F-4130-807A-6F9253E60676}.Debug|x86.ActiveCfg = Debug|Win32
		{DF670B0E-9D9F-4130-807A-6F9253E60676}.Debug|x86.Build.0 = Debug|Win32
		{DF670B0E-9D9F-4130-807A-6F9253E60676}.Release|x64.ActiveCfg = Release|x64
		{DF670B0E-9D9F-4130-807A-6F9253E60676}.Release|x64.Build.0 = Release|x64
		{DF670B0E-9D9F-4130-807A-6F9253E60676}.Release|x86.ActiveCfg = Release|Win32
		{DF670B0E-9D9F-4130-807A-6F9253E60676}.Release|x86.Build.0 = Release|Win32
	EndGlobalSection
	GlobalSection(SolutionProperties) = preSolution
		HideSolutionNode = FALSE
	EndGlobalSection
	GlobalSection(ExtensibilityGlobals) = postSolution
		SolutionGuid = {B5D982B9-EFA6-4CE1-85BF-D99672202140}
	EndGlobalSection
EndGlobal
