
Microsoft Visual Studio Solution File, Format Version 12.00
# Visual Studio Version 17
VisualStudioVersion = 17.14.36603.0 d17.14
MinimumVisualStudioVersion = 10.0.40219.1
Project("{8BC9CEB8-8B4A-11D0-8D11-00A0C91BC942}") = "2026_4.10", "2026_4.10\2026_4.10.vcxproj", "{7C29BA4F-CEE5-4CCD-8E0F-A2C307C9FF26}"
EndProject
Global
	GlobalSection(SolutionConfigurationPlatforms) = preSolution
		Debug|x64 = Debug|x64
		Debug|x86 = Debug|x86
		Release|x64 = Release|x64
		Release|x86 = Release|x86
	EndGlobalSection
	GlobalSection(ProjectConfigurationPlatforms) = postSolution
		{7C29BA4F-CEE5-4CCD-8E0F-A2C307C9FF26}.Debug|x64.ActiveCfg = Debug|x64
		{7C29BA4F-CEE5-4CCD-8E0F-A2C307C9FF26}.Debug|x64.Build.0 = Debug|x64
		{7C29BA4F-CEE5-4CCD-8E0F-A2C307C9FF26}.Debug|x86.ActiveCfg = Debug|Win32
		{7C29BA4F-CEE5-4CCD-8E0F-A2C307C9FF26}.Debug|x86.Build.0 = Debug|Win32
		{7C29BA4F-CEE5-4CCD-8E0F-A2C307C9FF26}.Release|x64.ActiveCfg = Release|x64
		{7C29BA4F-CEE5-4CCD-8E0F-A2C307C9FF26}.Release|x64.Build.0 = Release|x64
		{7C29BA4F-CEE5-4CCD-8E0F-A2C307C9FF26}.Release|x86.ActiveCfg = Release|Win32
		{7C29BA4F-CEE5-4CCD-8E0F-A2C307C9FF26}.Release|x86.Build.0 = Release|Win32
	EndGlobalSection
	GlobalSection(SolutionProperties) = preSolution
		HideSolutionNode = FALSE
	EndGlobalSection
	GlobalSection(ExtensibilityGlobals) = postSolution
		SolutionGuid = {3AA2B867-E5EE-45D2-8DD7-3B156B66B4E2}
	EndGlobalSection
EndGlobal
