
Microsoft Visual Studio Solution File, Format Version 12.00
# Visual Studio Version 17
VisualStudioVersion = 17.14.36603.0 d17.14
MinimumVisualStudioVersion = 10.0.40219.1
Project("{8BC9CEB8-8B4A-11D0-8D11-00A0C91BC942}") = "test_2026_9.11", "test_2026_9.11\test_2026_9.11.vcxproj", "{15AD113A-0E61-4979-AEAE-3FAC79F0D951}"
EndProject
Global
	GlobalSection(SolutionConfigurationPlatforms) = preSolution
		Debug|x64 = Debug|x64
		Debug|x86 = Debug|x86
		Release|x64 = Release|x64
		Release|x86 = Release|x86
	EndGlobalSection
	GlobalSection(ProjectConfigurationPlatforms) = postSolution
		{15AD113A-0E61-4979-AEAE-3FAC79F0D951}.Debug|x64.ActiveCfg = Debug|x64
		{15AD113A-0E61-4979-AEAE-3FAC79F0D951}.Debug|x64.Build.0 = Debug|x64
		{15AD113A-0E61-4979-AEAE-3FAC79F0D951}.Debug|x86.ActiveCfg = Debug|Win32
		{15AD113A-0E61-4979-AEAE-3FAC79F0D951}.Debug|x86.Build.0 = Debug|Win32
		{15AD113A-0E61-4979-AEAE-3FAC79F0D951}.Release|x64.ActiveCfg = Release|x64
		{15AD113A-0E61-4979-AEAE-3FAC79F0D951}.Release|x64.Build.0 = Release|x64
		{15AD113A-0E61-4979-AEAE-3FAC79F0D951}.Release|x86.ActiveCfg = Release|Win32
		{15AD113A-0E61-4979-AEAE-3FAC79F0D951}.Release|x86.Build.0 = Release|Win32
	EndGlobalSection
	GlobalSection(SolutionProperties) = preSolution
		HideSolutionNode = FALSE
	EndGlobalSection
	GlobalSection(ExtensibilityGlobals) = postSolution
		SolutionGuid = {09636C9A-F434-4A86-926E-ABCAEEB52996}
	EndGlobalSection
EndGlobal
