
Microsoft Visual Studio Solution File, Format Version 12.00
# Visual Studio Version 17
VisualStudioVersion = 17.14.36408.4 d17.14
MinimumVisualStudioVersion = 10.0.40219.1
Project("{8BC9CEB8-8B4A-11D0-8D11-00A0C91BC942}") = "test_9.1", "test_9.1\test_9.1.vcxproj", "{06041EE1-9BD6-49C5-B44B-6F1A3A017076}"
EndProject
Global
	GlobalSection(SolutionConfigurationPlatforms) = preSolution
		Debug|x64 = Debug|x64
		Debug|x86 = Debug|x86
		Release|x64 = Release|x64
		Release|x86 = Release|x86
	EndGlobalSection
	GlobalSection(ProjectConfigurationPlatforms) = postSolution
		{06041EE1-9BD6-49C5-B44B-6F1A3A017076}.Debug|x64.ActiveCfg = Debug|x64
		{06041EE1-9BD6-49C5-B44B-6F1A3A017076}.Debug|x64.Build.0 = Debug|x64
		{06041EE1-9BD6-49C5-B44B-6F1A3A017076}.Debug|x86.ActiveCfg = Debug|Win32
		{06041EE1-9BD6-49C5-B44B-6F1A3A017076}.Debug|x86.Build.0 = Debug|Win32
		{06041EE1-9BD6-49C5-B44B-6F1A3A017076}.Release|x64.ActiveCfg = Release|x64
		{06041EE1-9BD6-49C5-B44B-6F1A3A017076}.Release|x64.Build.0 = Release|x64
		{06041EE1-9BD6-49C5-B44B-6F1A3A017076}.Release|x86.ActiveCfg = Release|Win32
		{06041EE1-9BD6-49C5-B44B-6F1A3A017076}.Release|x86.Build.0 = Release|Win32
	EndGlobalSection
	GlobalSection(SolutionProperties) = preSolution
		HideSolutionNode = FALSE
	EndGlobalSection
	GlobalSection(ExtensibilityGlobals) = postSolution
		SolutionGuid = {B3182C82-DBC8-4280-9B03-0AC6860BD547}
	EndGlobalSection
EndGlobal
