
Microsoft Visual Studio Solution File, Format Version 12.00
# Visual Studio Version 17
VisualStudioVersion = 17.14.36603.0 d17.14
MinimumVisualStudioVersion = 10.0.40219.1
Project("{8BC9CEB8-8B4A-11D0-8D11-00A0C91BC942}") = "2026_4.23", "2026_4.23\2026_4.23.vcxproj", "{4C2ABA62-A1D7-4D77-8E12-1520CB3FF2F7}"
EndProject
Global
	GlobalSection(SolutionConfigurationPlatforms) = preSolution
		Debug|x64 = Debug|x64
		Debug|x86 = Debug|x86
		Release|x64 = Release|x64
		Release|x86 = Release|x86
	EndGlobalSection
	GlobalSection(ProjectConfigurationPlatforms) = postSolution
		{4C2ABA62-A1D7-4D77-8E12-1520CB3FF2F7}.Debug|x64.ActiveCfg = Debug|x64
		{4C2ABA62-A1D7-4D77-8E12-1520CB3FF2F7}.Debug|x64.Build.0 = Debug|x64
		{4C2ABA62-A1D7-4D77-8E12-1520CB3FF2F7}.Debug|x86.ActiveCfg = Debug|Win32
		{4C2ABA62-A1D7-4D77-8E12-1520CB3FF2F7}.Debug|x86.Build.0 = Debug|Win32
		{4C2ABA62-A1D7-4D77-8E12-1520CB3FF2F7}.Release|x64.ActiveCfg = Release|x64
		{4C2ABA62-A1D7-4D77-8E12-1520CB3FF2F7}.Release|x64.Build.0 = Release|x64
		{4C2ABA62-A1D7-4D77-8E12-1520CB3FF2F7}.Release|x86.ActiveCfg = Release|Win32
		{4C2ABA62-A1D7-4D77-8E12-1520CB3FF2F7}.Release|x86.Build.0 = Release|Win32
	EndGlobalSection
	GlobalSection(SolutionProperties) = preSolution
		HideSolutionNode = FALSE
	EndGlobalSection
	GlobalSection(ExtensibilityGlobals) = postSolution
		SolutionGuid = {8CA43BE2-5847-4A98-9284-A5E5A0636700}
	EndGlobalSection
EndGlobal
