
Microsoft Visual Studio Solution File, Format Version 12.00
# Visual Studio Version 17
VisualStudioVersion = 17.14.36603.0 d17.14
MinimumVisualStudioVersion = 10.0.40219.1
Project("{8BC9CEB8-8B4A-11D0-8D11-00A0C91BC942}") = "2026_9.5", "2026_9.5\2026_9.5.vcxproj", "{C6EA7F14-34A7-4C88-A491-8EC8A168ED68}"
EndProject
Global
	GlobalSection(SolutionConfigurationPlatforms) = preSolution
		Debug|x64 = Debug|x64
		Debug|x86 = Debug|x86
		Release|x64 = Release|x64
		Release|x86 = Release|x86
	EndGlobalSection
	GlobalSection(ProjectConfigurationPlatforms) = postSolution
		{C6EA7F14-34A7-4C88-A491-8EC8A168ED68}.Debug|x64.ActiveCfg = Debug|x64
		{C6EA7F14-34A7-4C88-A491-8EC8A168ED68}.Debug|x64.Build.0 = Debug|x64
		{C6EA7F14-34A7-4C88-A491-8EC8A168ED68}.Debug|x86.ActiveCfg = Debug|Win32
		{C6EA7F14-34A7-4C88-A491-8EC8A168ED68}.Debug|x86.Build.0 = Debug|Win32
		{C6EA7F14-34A7-4C88-A491-8EC8A168ED68}.Release|x64.ActiveCfg = Release|x64
		{C6EA7F14-34A7-4C88-A491-8EC8A168ED68}.Release|x64.Build.0 = Release|x64
		{C6EA7F14-34A7-4C88-A491-8EC8A168ED68}.Release|x86.ActiveCfg = Release|Win32
		{C6EA7F14-34A7-4C88-A491-8EC8A168ED68}.Release|x86.Build.0 = Release|Win32
	EndGlobalSection
	GlobalSection(SolutionProperties) = preSolution
		HideSolutionNode = FALSE
	EndGlobalSection
	GlobalSection(ExtensibilityGlobals) = postSolution
		SolutionGuid = {682BA1B2-E34F-4FB1-86FA-D2D6A97091CE}
	EndGlobalSection
EndGlobal
